
Microsoft Visual Studio Solution File, Format Version 12.00
# Visual Studio 15
VisualStudioVersion = 15.0.27130.2036
MinimumVisualStudioVersion = 10.0.40219.1
Project("{FAE04EC0-301F-11D3-BF4B-00C04F79EFBC}") = "xy_Chart", "xy_Chart\xy_Chart.csproj", "{9603BC22-8826-4CE8-8AB6-11FECEC36698}"
EndProject
Project("{FAE04EC0-301F-11D3-BF4B-00C04F79EFBC}") = "Motor", "Motor\Motor.csproj", "{EE645619-2AB7-4153-B112-57C085168FC8}"
EndProject
Global
	GlobalSection(SolutionConfigurationPlatforms) = preSolution
		Debug|Any CPU = Debug|Any CPU
		Release|Any CPU = Release|Any CPU
	EndGlobalSection
	GlobalSection(ProjectConfigurationPlatforms) = postSolution
		{9603BC22-8826-4CE8-8AB6-11FECEC36698}.Debug|Any CPU.ActiveCfg = Debug|Any CPU
		{9603BC22-8826-4CE8-8AB6-11FECEC36698}.Debug|Any CPU.Build.0 = Debug|Any CPU
		{9603BC22-8826-4CE8-8AB6-11FECEC36698}.Release|Any CPU.ActiveCfg = Release|Any CPU
		{9603BC22-8826-4CE8-8AB6-11FECEC36698}.Release|Any CPU.Build.0 = Release|Any CPU
		{EE645619-2AB7-4153-B112-57C085168FC8}.Debug|Any CPU.ActiveCfg = Debug|Any CPU
		{EE645619-2AB7-4153-B112-57C085168FC8}.Debug|Any CPU.Build.0 = Debug|Any CPU
		{EE645619-2AB7-4153-B112-57C085168FC8}.Release|Any CPU.ActiveCfg = Release|Any CPU
		{EE645619-2AB7-4153-B112-57C085168FC8}.Release|Any CPU.Build.0 = Release|Any CPU
	EndGlobalSection
	GlobalSection(SolutionProperties) = preSolution
		HideSolutionNode = FALSE
	EndGlobalSection
	GlobalSection(ExtensibilityGlobals) = postSolution
		SolutionGuid = {4FB050C6-E73F-459A-8CE3-E1CA0692AC2B}
	EndGlobalSection
EndGlobal
